// !$*UTF8*$!
{
	archiveVersion = 1;
	classes = {
	};
	objectVersion = 52;
	objects = {

/* Begin PBXBuildFile section */
		3F6948E125E53AC300190A1A /* AppDependency.swift in Sources */ = {isa = PBXBuildFile; fileRef = 3F6948E025E53AC300190A1A /* AppDependency.swift */; };
		3F6948E525E53BA500190A1A /* Swinject in Frameworks */ = {isa = PBXBuildFile; productRef = 3F6948E425E53BA500190A1A /* Swinject */; };
		3F89799A25E533E4004513F0 /* AppDelegate.swift in Sources */ = {isa = PBXBuildFile; fileRef = 3F89799925E533E4004513F0 /* AppDelegate.swift */; };
		3F89799C25E533E4004513F0 /* SceneDelegate.swift in Sources */ = {isa = PBXBuildFile; fileRef = 3F89799B25E533E4004513F0 /* SceneDelegate.swift */; };
		3F8979A325E533E5004513F0 /* Assets.xcassets in Resources */ = {isa = PBXBuildFile; fileRef = 3F8979A225E533E5004513F0 /* Assets.xcassets */; };
		3F8979A625E533E5004513F0 /* LaunchScreen.storyboard in Resources */ = {isa = PBXBuildFile; fileRef = 3F8979A425E533E5004513F0 /* LaunchScreen.storyboard */; };
		42304F4225E631E700E1EC1C /* ReactorKit in Frameworks */ = {isa = PBXBuildFile; productRef = 42304F4125E631E700E1EC1C /* ReactorKit */; };
		4296320825E7597E00F6D895 /* BaseViewController.swift in Sources */ = {isa = PBXBuildFile; fileRef = 3F89799D25E533E4004513F0 /* BaseViewController.swift */; };
		4296320925E7597E00F6D895 /* ViewController.swift in Sources */ = {isa = PBXBuildFile; fileRef = 429E88F525E7580D00E74FCA /* ViewController.swift */; };
		4296321125E75B0F00F6D895 /* RxSwift in Frameworks */ = {isa = PBXBuildFile; productRef = 4296321025E75B0F00F6D895 /* RxSwift */; };
		4296321325E75B0F00F6D895 /* RxCocoa in Frameworks */ = {isa = PBXBuildFile; productRef = 4296321225E75B0F00F6D895 /* RxCocoa */; };
		4296321525E75B0F00F6D895 /* RxRelay in Frameworks */ = {isa = PBXBuildFile; productRef = 4296321425E75B0F00F6D895 /* RxRelay */; };
		429E88E425E7535800E74FCA /* SnapKit in Frameworks */ = {isa = PBXBuildFile; productRef = 429E88E325E7535800E74FCA /* SnapKit */; };
		429E88E825E7538F00E74FCA /* Then in Frameworks */ = {isa = PBXBuildFile; productRef = 429E88E725E7538F00E74FCA /* Then */; };
		429E88EC25E753D100E74FCA /* SwinjectAutoregistration in Frameworks */ = {isa = PBXBuildFile; productRef = 429E88EB25E753D100E74FCA /* SwinjectAutoregistration */; };
		429E88F025E7544100E74FCA /* RxMoya in Frameworks */ = {isa = PBXBuildFile; productRef = 429E88EF25E7544100E74FCA /* RxMoya */; };
/* End PBXBuildFile section */

/* Begin PBXFileReference section */
		3F6948E025E53AC300190A1A /* AppDependency.swift */ = {isa = PBXFileReference; lastKnownFileType = sourcecode.swift; path = AppDependency.swift; sourceTree = "<group>"; };
		3F89799625E533E4004513F0 /* GlassWeather.app */ = {isa = PBXFileReference; explicitFileType = wrapper.application; includeInIndex = 0; path = GlassWeather.app; sourceTree = BUILT_PRODUCTS_DIR; };
		3F89799925E533E4004513F0 /* AppDelegate.swift */ = {isa = PBXFileReference; lastKnownFileType = sourcecode.swift; path = AppDelegate.swift; sourceTree = "<group>"; };
		3F89799B25E533E4004513F0 /* SceneDelegate.swift */ = {isa = PBXFileReference; lastKnownFileType = sourcecode.swift; path = SceneDelegate.swift; sourceTree = "<group>"; };
		3F89799D25E533E4004513F0 /* BaseViewController.swift */ = {isa = PBXFileReference; lastKnownFileType = sourcecode.swift; path = BaseViewController.swift; sourceTree = "<group>"; };
		3F8979A225E533E5004513F0 /* Assets.xcassets */ = {isa = PBXFileReference; lastKnownFileType = folder.assetcatalog; path = Assets.xcassets; sourceTree = "<group>"; };
		3F8979A525E533E5004513F0 /* Base */ = {isa = PBXFileReference; lastKnownFileType = file.storyboard; name = Base; path = Base.lproj/LaunchScreen.storyboard; sourceTree = "<group>"; };
		3F8979A725E533E5004513F0 /* Info.plist */ = {isa = PBXFileReference; lastKnownFileType = text.plist.xml; path = Info.plist; sourceTree = "<group>"; };
		429E88F525E7580D00E74FCA /* ViewController.swift */ = {isa = PBXFileReference; lastKnownFileType = sourcecode.swift; path = ViewController.swift; sourceTree = "<group>"; };
/* End PBXFileReference section */

/* Begin PBXFrameworksBuildPhase section */
		3F89799325E533E4004513F0 /* Frameworks */ = {
			isa = PBXFrameworksBuildPhase;
			buildActionMask = 2147483647;
			files = (
				4296321525E75B0F00F6D895 /* RxRelay in Frameworks */,
				429E88E825E7538F00E74FCA /* Then in Frameworks */,
				429E88E425E7535800E74FCA /* SnapKit in Frameworks */,
				429E88F025E7544100E74FCA /* RxMoya in Frameworks */,
				42304F4225E631E700E1EC1C /* ReactorKit in Frameworks */,
				429E88EC25E753D100E74FCA /* SwinjectAutoregistration in Frameworks */,
				3F6948E525E53BA500190A1A /* Swinject in Frameworks */,
				4296321325E75B0F00F6D895 /* RxCocoa in Frameworks */,
				4296321125E75B0F00F6D895 /* RxSwift in Frameworks */,
			);
			runOnlyForDeploymentPostprocessing = 0;
		};
/* End PBXFrameworksBuildPhase section */

/* Begin PBXGroup section */
		3F89798D25E533E4004513F0 = {
			isa = PBXGroup;
			children = (
				3F89799825E533E4004513F0 /* GlassWeather */,
				3F89799725E533E4004513F0 /* Products */,
			);
			sourceTree = "<group>";
		};
		3F89799725E533E4004513F0 /* Products */ = {
			isa = PBXGroup;
			children = (
				3F89799625E533E4004513F0 /* GlassWeather.app */,
			);
			name = Products;
			sourceTree = "<group>";
		};
		3F89799825E533E4004513F0 /* GlassWeather */ = {
			isa = PBXGroup;
			children = (
				3F8979B325E534E8004513F0 /* Resources */,
				3F8979B525E53564004513F0 /* Sources */,
				3F8979B625E53582004513F0 /* Supports */,
			);
			path = GlassWeather;
			sourceTree = "<group>";
		};
		3F8979B325E534E8004513F0 /* Resources */ = {
			isa = PBXGroup;
			children = (
				3F8979A225E533E5004513F0 /* Assets.xcassets */,
				3F8979A425E533E5004513F0 /* LaunchScreen.storyboard */,
			);
			path = Resources;
			sourceTree = "<group>";
		};
		3F8979B525E53564004513F0 /* Sources */ = {
			isa = PBXGroup;
			children = (
				429E88F225E7567B00E74FCA /* Apps */,
				429E88F325E7568C00E74FCA /* ViewControllers */,
			);
			path = Sources;
			sourceTree = "<group>";
		};
		3F8979B625E53582004513F0 /* Supports */ = {
			isa = PBXGroup;
			children = (
				3F8979A725E533E5004513F0 /* Info.plist */,
			);
			path = Supports;
			sourceTree = "<group>";
		};
		429E88F225E7567B00E74FCA /* Apps */ = {
			isa = PBXGroup;
			children = (
				3F89799925E533E4004513F0 /* AppDelegate.swift */,
				3F6948E025E53AC300190A1A /* AppDependency.swift */,
				3F89799B25E533E4004513F0 /* SceneDelegate.swift */,
			);
			path = Apps;
			sourceTree = "<group>";
		};
		429E88F325E7568C00E74FCA /* ViewControllers */ = {
			isa = PBXGroup;
			children = (
				3F89799D25E533E4004513F0 /* BaseViewController.swift */,
				429E88F525E7580D00E74FCA /* ViewController.swift */,
			);
			path = ViewControllers;
			sourceTree = "<group>";
		};
/* End PBXGroup section */

/* Begin PBXNativeTarget section */
		3F89799525E533E4004513F0 /* GlassWeather */ = {
			isa = PBXNativeTarget;
			buildConfigurationList = 3F8979AA25E533E5004513F0 /* Build configuration list for PBXNativeTarget "GlassWeather" */;
			buildPhases = (
				3F89799225E533E4004513F0 /* Sources */,
				3F89799325E533E4004513F0 /* Frameworks */,
				3F89799425E533E4004513F0 /* Resources */,
			);
			buildRules = (
			);
			dependencies = (
			);
			name = GlassWeather;
			packageProductDependencies = (
				3F6948E425E53BA500190A1A /* Swinject */,
				42304F4125E631E700E1EC1C /* ReactorKit */,
				429E88E325E7535800E74FCA /* SnapKit */,
				429E88E725E7538F00E74FCA /* Then */,
				429E88EB25E753D100E74FCA /* SwinjectAutoregistration */,
				429E88EF25E7544100E74FCA /* RxMoya */,
				4296321025E75B0F00F6D895 /* RxSwift */,
				4296321225E75B0F00F6D895 /* RxCocoa */,
				4296321425E75B0F00F6D895 /* RxRelay */,
			);
			productName = GlassWeather;
			productReference = 3F89799625E533E4004513F0 /* GlassWeather.app */;
			productType = "com.apple.product-type.application";
		};
/* End PBXNativeTarget section */

/* Begin PBXProject section */
		3F89798E25E533E4004513F0 /* Project object */ = {
			isa = PBXProject;
			attributes = {
				LastSwiftUpdateCheck = 1230;
				LastUpgradeCheck = 1230;
				TargetAttributes = {
					3F89799525E533E4004513F0 = {
						CreatedOnToolsVersion = 12.3;
					};
				};
			};
			buildConfigurationList = 3F89799125E533E4004513F0 /* Build configuration list for PBXProject "GlassWeather" */;
			compatibilityVersion = "Xcode 9.3";
			developmentRegion = en;
			hasScannedForEncodings = 0;
			knownRegions = (
				en,
				Base,
			);
			mainGroup = 3F89798D25E533E4004513F0;
			packageReferences = (
				3F6948E325E53BA500190A1A /* XCRemoteSwiftPackageReference "Swinject" */,
				42304F4025E631E700E1EC1C /* XCRemoteSwiftPackageReference "ReactorKit" */,
				429E88E225E7535800E74FCA /* XCRemoteSwiftPackageReference "SnapKit" */,
				429E88E625E7538F00E74FCA /* XCRemoteSwiftPackageReference "Then" */,
				429E88EA25E753D100E74FCA /* XCRemoteSwiftPackageReference "SwinjectAutoregistration" */,
				429E88EE25E7544100E74FCA /* XCRemoteSwiftPackageReference "Moya" */,
				4296320F25E75B0F00F6D895 /* XCRemoteSwiftPackageReference "RxSwift" */,
			);
			productRefGroup = 3F89799725E533E4004513F0 /* Products */;
			projectDirPath = "";
			projectRoot = "";
			targets = (
				3F89799525E533E4004513F0 /* GlassWeather */,
			);
		};
/* End PBXProject section */

/* Begin PBXResourcesBuildPhase section */
		3F89799425E533E4004513F0 /* Resources */ = {
			isa = PBXResourcesBuildPhase;
			buildActionMask = 2147483647;
			files = (
				3F8979A625E533E5004513F0 /* LaunchScreen.storyboard in Resources */,
				3F8979A325E533E5004513F0 /* Assets.xcassets in Resources */,
			);
			runOnlyForDeploymentPostprocessing = 0;
		};
/* End PBXResourcesBuildPhase section */

/* Begin PBXSourcesBuildPhase section */
		3F89799225E533E4004513F0 /* Sources */ = {
			isa = PBXSourcesBuildPhase;
			buildActionMask = 2147483647;
			files = (
				4296320825E7597E00F6D895 /* BaseViewController.swift in Sources */,
				4296320925E7597E00F6D895 /* ViewController.swift in Sources */,
				3F89799A25E533E4004513F0 /* AppDelegate.swift in Sources */,
				3F6948E125E53AC300190A1A /* AppDependency.swift in Sources */,
				3F89799C25E533E4004513F0 /* SceneDelegate.swift in Sources */,
			);
			runOnlyForDeploymentPostprocessing = 0;
		};
/* End PBXSourcesBuildPhase section */

/* Begin PBXVariantGroup section */
		3F8979A425E533E5004513F0 /* LaunchScreen.storyboard */ = {
			isa = PBXVariantGroup;
			children = (
				3F8979A525E533E5004513F0 /* Base */,
			);
			name = LaunchScreen.storyboard;
			sourceTree = "<group>";
		};
/* End PBXVariantGroup section */

/* Begin XCBuildConfiguration section */
		3F8979A825E533E5004513F0 /* Debug */ = {
			isa = XCBuildConfiguration;
			buildSettings = {
				ALWAYS_SEARCH_USER_PATHS = NO;
				CLANG_ANALYZER_NONNULL = YES;
				CLANG_ANALYZER_NUMBER_OBJECT_CONVERSION = YES_AGGRESSIVE;
				CLANG_CXX_LANGUAGE_STANDARD = "gnu++14";
				CLANG_CXX_LIBRARY = "libc++";
				CLANG_ENABLE_MODULES = YES;
				CLANG_ENABLE_OBJC_ARC = YES;
				CLANG_ENABLE_OBJC_WEAK = YES;
				CLANG_WARN_BLOCK_CAPTURE_AUTORELEASING = YES;
				CLANG_WARN_BOOL_CONVERSION = YES;
				CLANG_WARN_COMMA = YES;
				CLANG_WARN_CONSTANT_CONVERSION = YES;
				CLANG_WARN_DEPRECATED_OBJC_IMPLEMENTATIONS = YES;
				CLANG_WARN_DIRECT_OBJC_ISA_USAGE = YES_ERROR;
				CLANG_WARN_DOCUMENTATION_COMMENTS = YES;
				CLANG_WARN_EMPTY_BODY = YES;
				CLANG_WARN_ENUM_CONVERSION = YES;
				CLANG_WARN_INFINITE_RECURSION = YES;
				CLANG_WARN_INT_CONVERSION = YES;
				CLANG_WARN_NON_LITERAL_NULL_CONVERSION = YES;
				CLANG_WARN_OBJC_IMPLICIT_RETAIN_SELF = YES;
				CLANG_WARN_OBJC_LITERAL_CONVERSION = YES;
				CLANG_WARN_OBJC_ROOT_CLASS = YES_ERROR;
				CLANG_WARN_QUOTED_INCLUDE_IN_FRAMEWORK_HEADER = YES;
				CLANG_WARN_RANGE_LOOP_ANALYSIS = YES;
				CLANG_WARN_STRICT_PROTOTYPES = YES;
				CLANG_WARN_SUSPICIOUS_MOVE = YES;
				CLANG_WARN_UNGUARDED_AVAILABILITY = YES_AGGRESSIVE;
				CLANG_WARN_UNREACHABLE_CODE = YES;
				CLANG_WARN__DUPLICATE_METHOD_MATCH = YES;
				COPY_PHASE_STRIP = NO;
				DEBUG_INFORMATION_FORMAT = dwarf;
				ENABLE_STRICT_OBJC_MSGSEND = YES;
				ENABLE_TESTABILITY = YES;
				GCC_C_LANGUAGE_STANDARD = gnu11;
				GCC_DYNAMIC_NO_PIC = NO;
				GCC_NO_COMMON_BLOCKS = YES;
				GCC_OPTIMIZATION_LEVEL = 0;
				GCC_PREPROCESSOR_DEFINITIONS = (
					"DEBUG=1",
					"$(inherited)",
				);
				GCC_WARN_64_TO_32_BIT_CONVERSION = YES;
				GCC_WARN_ABOUT_RETURN_TYPE = YES_ERROR;
				GCC_WARN_UNDECLARED_SELECTOR = YES;
				GCC_WARN_UNINITIALIZED_AUTOS = YES_AGGRESSIVE;
				GCC_WARN_UNUSED_FUNCTION = YES;
				GCC_WARN_UNUSED_VARIABLE = YES;
				IPHONEOS_DEPLOYMENT_TARGET = 13.0;
				MTL_ENABLE_DEBUG_INFO = INCLUDE_SOURCE;
				MTL_FAST_MATH = YES;
				ONLY_ACTIVE_ARCH = YES;
				SDKROOT = iphoneos;
				SWIFT_ACTIVE_COMPILATION_CONDITIONS = DEBUG;
				SWIFT_OPTIMIZATION_LEVEL = "-Onone";
			};
			name = Debug;
		};
		3F8979A925E533E5004513F0 /* Release */ = {
			isa = XCBuildConfiguration;
			buildSettings = {
				ALWAYS_SEARCH_USER_PATHS = NO;
				CLANG_ANALYZER_NONNULL = YES;
				CLANG_ANALYZER_NUMBER_OBJECT_CONVERSION = YES_AGGRESSIVE;
				CLANG_CXX_LANGUAGE_STANDARD = "gnu++14";
				CLANG_CXX_LIBRARY = "libc++";
				CLANG_ENABLE_MODULES = YES;
				CLANG_ENABLE_OBJC_ARC = YES;
				CLANG_ENABLE_OBJC_WEAK = YES;
				CLANG_WARN_BLOCK_CAPTURE_AUTORELEASING = YES;
				CLANG_WARN_BOOL_CONVERSION = YES;
				CLANG_WARN_COMMA = YES;
				CLANG_WARN_CONSTANT_CONVERSION = YES;
				CLANG_WARN_DEPRECATED_OBJC_IMPLEMENTATIONS = YES;
				CLANG_WARN_DIRECT_OBJC_ISA_USAGE = YES_ERROR;
				CLANG_WARN_DOCUMENTATION_COMMENTS = YES;
				CLANG_WARN_EMPTY_BODY = YES;
				CLANG_WARN_ENUM_CONVERSION = YES;
				CLANG_WARN_INFINITE_RECURSION = YES;
				CLANG_WARN_INT_CONVERSION = YES;
				CLANG_WARN_NON_LITERAL_NULL_CONVERSION = YES;
				CLANG_WARN_OBJC_IMPLICIT_RETAIN_SELF = YES;
				CLANG_WARN_OBJC_LITERAL_CONVERSION = YES;
				CLANG_WARN_OBJC_ROOT_CLASS = YES_ERROR;
				CLANG_WARN_QUOTED_INCLUDE_IN_FRAMEWORK_HEADER = YES;
				CLANG_WARN_RANGE_LOOP_ANALYSIS = YES;
				CLANG_WARN_STRICT_PROTOTYPES = YES;
				CLANG_WARN_SUSPICIOUS_MOVE = YES;
				CLANG_WARN_UNGUARDED_AVAILABILITY = YES_AGGRESSIVE;
				CLANG_WARN_UNREACHABLE_CODE = YES;
				CLANG_WARN__DUPLICATE_METHOD_MATCH = YES;
				COPY_PHASE_STRIP = NO;
				DEBUG_INFORMATION_FORMAT = "dwarf-with-dsym";
				ENABLE_NS_ASSERTIONS = NO;
				ENABLE_STRICT_OBJC_MSGSEND = YES;
				GCC_C_LANGUAGE_STANDARD = gnu11;
				GCC_NO_COMMON_BLOCKS = YES;
				GCC_WARN_64_TO_32_BIT_CONVERSION = YES;
				GCC_WARN_ABOUT_RETURN_TYPE = YES_ERROR;
				GCC_WARN_UNDECLARED_SELECTOR = YES;
				GCC_WARN_UNINITIALIZED_AUTOS = YES_AGGRESSIVE;
				GCC_WARN_UNUSED_FUNCTION = YES;
				GCC_WARN_UNUSED_VARIABLE = YES;
				IPHONEOS_DEPLOYMENT_TARGET = 13.0;
				MTL_ENABLE_DEBUG_INFO = NO;
				MTL_FAST_MATH = YES;
				SDKROOT = iphoneos;
				SWIFT_COMPILATION_MODE = wholemodule;
				SWIFT_OPTIMIZATION_LEVEL = "-O";
				VALIDATE_PRODUCT = YES;
			};
			name = Release;
		};
		3F8979AB25E533E5004513F0 /* Debug */ = {
			isa = XCBuildConfiguration;
			buildSettings = {
				ASSETCATALOG_COMPILER_APPICON_NAME = AppIcon;
				ASSETCATALOG_COMPILER_GLOBAL_ACCENT_COLOR_NAME = AccentColor;
				CODE_SIGN_STYLE = Automatic;
				DEVELOPMENT_TEAM = Y4TA4D66R4;
				INFOPLIST_FILE = "$(SRCROOT)/GlassWeather/Supports/Info.plist";
				IPHONEOS_DEPLOYMENT_TARGET = 13.0;
				LD_RUNPATH_SEARCH_PATHS = (
					"$(inherited)",
					"@executable_path/Frameworks",
				);
				PRODUCT_BUNDLE_IDENTIFIER = dev.jsryu.GlassWeather;
				PRODUCT_NAME = "$(TARGET_NAME)";
				SWIFT_VERSION = 5.0;
				TARGETED_DEVICE_FAMILY = 1;
			};
			name = Debug;
		};
		3F8979AC25E533E5004513F0 /* Release */ = {
			isa = XCBuildConfiguration;
			buildSettings = {
				ASSETCATALOG_COMPILER_APPICON_NAME = AppIcon;
				ASSETCATALOG_COMPILER_GLOBAL_ACCENT_COLOR_NAME = AccentColor;
				CODE_SIGN_STYLE = Automatic;
				DEVELOPMENT_TEAM = Y4TA4D66R4;
				INFOPLIST_FILE = "$(SRCROOT)/GlassWeather/Supports/Info.plist";
				IPHONEOS_DEPLOYMENT_TARGET = 13.0;
				LD_RUNPATH_SEARCH_PATHS = (
					"$(inherited)",
					"@executable_path/Frameworks",
				);
				PRODUCT_BUNDLE_IDENTIFIER = dev.jsryu.GlassWeather;
				PRODUCT_NAME = "$(TARGET_NAME)";
				SWIFT_VERSION = 5.0;
				TARGETED_DEVICE_FAMILY = 1;
			};
			name = Release;
		};
/* End XCBuildConfiguration section */

/* Begin XCConfigurationList section */
		3F89799125E533E4004513F0 /* Build configuration list for PBXProject "GlassWeather" */ = {
			isa = XCConfigurationList;
			buildConfigurations = (
				3F8979A825E533E5004513F0 /* Debug */,
				3F8979A925E533E5004513F0 /* Release */,
			);
			defaultConfigurationIsVisible = 0;
			defaultConfigurationName = Release;
		};
		3F8979AA25E533E5004513F0 /* Build configuration list for PBXNativeTarget "GlassWeather" */ = {
			isa = XCConfigurationList;
			buildConfigurations = (
				3F8979AB25E533E5004513F0 /* Debug */,
				3F8979AC25E533E5004513F0 /* Release */,
			);
			defaultConfigurationIsVisible = 0;
			defaultConfigurationName = Release;
		};
/* End XCConfigurationList section */

/* Begin XCRemoteSwiftPackageReference section */
		3F6948E325E53BA500190A1A /* XCRemoteSwiftPackageReference "Swinject" */ = {
			isa = XCRemoteSwiftPackageReference;
			repositoryURL = "https://github.com/Swinject/Swinject.git";
			requirement = {
				kind = upToNextMajorVersion;
				minimumVersion = 2.7.1;
			};
		};
		42304F4025E631E700E1EC1C /* XCRemoteSwiftPackageReference "ReactorKit" */ = {
			isa = XCRemoteSwiftPackageReference;
			repositoryURL = "https://github.com/ReactorKit/ReactorKit.git";
			requirement = {
				kind = exactVersion;
				version = 2.1.1;
			};
		};
		4296320F25E75B0F00F6D895 /* XCRemoteSwiftPackageReference "RxSwift" */ = {
			isa = XCRemoteSwiftPackageReference;
			repositoryURL = "https://github.com/ReactiveX/RxSwift.git";
			requirement = {
				kind = exactVersion;
				version = 5.1.1;
			};
		};
		429E88E225E7535800E74FCA /* XCRemoteSwiftPackageReference "SnapKit" */ = {
			isa = XCRemoteSwiftPackageReference;
			repositoryURL = "https://github.com/SnapKit/SnapKit.git";
			requirement = {
				kind = upToNextMajorVersion;
				minimumVersion = 5.0.1;
			};
		};
		429E88E625E7538F00E74FCA /* XCRemoteSwiftPackageReference "Then" */ = {
			isa = XCRemoteSwiftPackageReference;
			repositoryURL = "https://github.com/devxoul/Then.git";
			requirement = {
				kind = upToNextMajorVersion;
				minimumVersion = 2.7.0;
			};
		};
		429E88EA25E753D100E74FCA /* XCRemoteSwiftPackageReference "SwinjectAutoregistration" */ = {
			isa = XCRemoteSwiftPackageReference;
			repositoryURL = "https://github.com/Swinject/SwinjectAutoregistration.git";
			requirement = {
				kind = upToNextMajorVersion;
				minimumVersion = 2.7.0;
			};
		};
		429E88EE25E7544100E74FCA /* XCRemoteSwiftPackageReference "Moya" */ = {
			isa = XCRemoteSwiftPackageReference;
			repositoryURL = "https://github.com/Moya/Moya.git";
			requirement = {
				kind = upToNextMajorVersion;
				minimumVersion = 14.0.1;
			};
		};
/* End XCRemoteSwiftPackageReference section */

/* Begin XCSwiftPackageProductDependency section */
		3F6948E425E53BA500190A1A /* Swinject */ = {
			isa = XCSwiftPackageProductDependency;
			package = 3F6948E325E53BA500190A1A /* XCRemoteSwiftPackageReference "Swinject" */;
			productName = Swinject;
		};
		42304F4125E631E700E1EC1C /* ReactorKit */ = {
			isa = XCSwiftPackageProductDependency;
			package = 42304F4025E631E700E1EC1C /* XCRemoteSwiftPackageReference "ReactorKit" */;
			productName = ReactorKit;
		};
		4296321025E75B0F00F6D895 /* RxSwift */ = {
			isa = XCSwiftPackageProductDependency;
			package = 4296320F25E75B0F00F6D895 /* XCRemoteSwiftPackageReference "RxSwift" */;
			productName = RxSwift;
		};
		4296321225E75B0F00F6D895 /* RxCocoa */ = {
			isa = XCSwiftPackageProductDependency;
			package = 4296320F25E75B0F00F6D895 /* XCRemoteSwiftPackageReference "RxSwift" */;
			productName = RxCocoa;
		};
		4296321425E75B0F00F6D895 /* RxRelay */ = {
			isa = XCSwiftPackageProductDependency;
			package = 4296320F25E75B0F00F6D895 /* XCRemoteSwiftPackageReference "RxSwift" */;
			productName = RxRelay;
		};
		429E88E325E7535800E74FCA /* SnapKit */ = {
			isa = XCSwiftPackageProductDependency;
			package = 429E88E225E7535800E74FCA /* XCRemoteSwiftPackageReference "SnapKit" */;
			productName = SnapKit;
		};
		429E88E725E7538F00E74FCA /* Then */ = {
			isa = XCSwiftPackageProductDependency;
			package = 429E88E625E7538F00E74FCA /* XCRemoteSwiftPackageReference "Then" */;
			productName = Then;
		};
		429E88EB25E753D100E74FCA /* SwinjectAutoregistration */ = {
			isa = XCSwiftPackageProductDependency;
			package = 429E88EA25E753D100E74FCA /* XCRemoteSwiftPackageReference "SwinjectAutoregistration" */;
			productName = SwinjectAutoregistration;
		};
		429E88EF25E7544100E74FCA /* RxMoya */ = {
			isa = XCSwiftPackageProductDependency;
			package = 429E88EE25E7544100E74FCA /* XCRemoteSwiftPackageReference "Moya" */;
			productName = RxMoya;
		};
/* End XCSwiftPackageProductDependency section */
	};
	rootObject = 3F89798E25E533E4004513F0 /* Project object */;
}
